{
  "name": "icon-converter",
  "version": "1.0.0",
  "lockfileVersion": 1,
  "requires": true,
  "dependencies": {},
  "devDependencies": {},
  "packages": {
    "": {
      "name": "icon-converter",
      "version": "1.0.0",
      "license": "MIT",
      "engines": {
        "node": ">=14.0.0"
      }
    }
  }
}
